
Microsoft Visual Studio Solution File, Format Version 11.00
# Visual Studio 2010
Project("{FAE04EC0-301F-11D3-BF4B-00C04F79EFBC}") = "Assembly-CSharp", "Assembly-CSharp.csproj", "{aa6c675b-6d84-4970-4955-d240d4dd41e4}"
EndProject
Project("{FAE04EC0-301F-11D3-BF4B-00C04F79EFBC}") = "Photon.Realtime", "Photon.Realtime.csproj", "{b5548e3a-46fd-394d-9d96-59a790d21722}"
EndProject
Project("{FAE04EC0-301F-11D3-BF4B-00C04F79EFBC}") = "Quantum.Unity.Editor", "Quantum.Unity.Editor.csproj", "{c4f00d61-bd46-3c4e-ec97-5ab23d756c5e}"
EndProject
Project("{FAE04EC0-301F-11D3-BF4B-00C04F79EFBC}") = "Assembly-CSharp-Editor", "Assembly-CSharp-Editor.csproj", "{a87cf63e-edd2-a9ef-9a06-b668aa9bd051}"
EndProject
Project("{FAE04EC0-301F-11D3-BF4B-00C04F79EFBC}") = "Quantum.Unity", "Quantum.Unity.csproj", "{1d03aee4-c5ea-17bf-3c38-9abb8c90ef72}"
EndProject
Project("{FAE04EC0-301F-11D3-BF4B-00C04F79EFBC}") = "Quantum.Simulation", "Quantum.Simulation.csproj", "{c202dc71-7689-46ce-86f0-3ee66af40e30}"
EndProject
Project("{FAE04EC0-301F-11D3-BF4B-00C04F79EFBC}") = "Quantum.Unity.Editor.CodeGen", "Quantum.Unity.Editor.CodeGen.csproj", "{aa8ca5c1-381b-0130-f166-a7bfb491e8d6}"
EndProject
Global
	GlobalSection(SolutionConfigurationPlatforms) = preSolution
		Debug|Any CPU = Debug|Any CPU
	EndGlobalSection
	GlobalSection(ProjectConfigurationPlatforms) = postSolution
		{aa6c675b-6d84-4970-4955-d240d4dd41e4}.Debug|Any CPU.ActiveCfg = Debug|Any CPU
		{aa6c675b-6d84-4970-4955-d240d4dd41e4}.Debug|Any CPU.Build.0 = Debug|Any CPU
		{b5548e3a-46fd-394d-9d96-59a790d21722}.Debug|Any CPU.ActiveCfg = Debug|Any CPU
		{b5548e3a-46fd-394d-9d96-59a790d21722}.Debug|Any CPU.Build.0 = Debug|Any CPU
		{c4f00d61-bd46-3c4e-ec97-5ab23d756c5e}.Debug|Any CPU.ActiveCfg = Debug|Any CPU
		{c4f00d61-bd46-3c4e-ec97-5ab23d756c5e}.Debug|Any CPU.Build.0 = Debug|Any CPU
		{a87cf63e-edd2-a9ef-9a06-b668aa9bd051}.Debug|Any CPU.ActiveCfg = Debug|Any CPU
		{a87cf63e-edd2-a9ef-9a06-b668aa9bd051}.Debug|Any CPU.Build.0 = Debug|Any CPU
		{1d03aee4-c5ea-17bf-3c38-9abb8c90ef72}.Debug|Any CPU.ActiveCfg = Debug|Any CPU
		{1d03aee4-c5ea-17bf-3c38-9abb8c90ef72}.Debug|Any CPU.Build.0 = Debug|Any CPU
		{c202dc71-7689-46ce-86f0-3ee66af40e30}.Debug|Any CPU.ActiveCfg = Debug|Any CPU
		{c202dc71-7689-46ce-86f0-3ee66af40e30}.Debug|Any CPU.Build.0 = Debug|Any CPU
		{aa8ca5c1-381b-0130-f166-a7bfb491e8d6}.Debug|Any CPU.ActiveCfg = Debug|Any CPU
		{aa8ca5c1-381b-0130-f166-a7bfb491e8d6}.Debug|Any CPU.Build.0 = Debug|Any CPU
	EndGlobalSection
	GlobalSection(SolutionProperties) = preSolution
		HideSolutionNode = FALSE
	EndGlobalSection
EndGlobal
