
Microsoft Visual Studio Solution File, Format Version 11.00
# Visual Studio 2010
Project("{FAE04EC0-301F-11D3-BF4B-00C04F79EFBC}") = "Unity.Timeline", "Unity.Timeline.csproj", "{047220fc-22a3-e83b-d553-002fb4b1b9e9}"
EndProject
Project("{FAE04EC0-301F-11D3-BF4B-00C04F79EFBC}") = "Unity.InputSystem", "Unity.InputSystem.csproj", "{4b60ffe5-62ca-df73-a6fb-2ad7b83c628a}"
EndProject
Project("{FAE04EC0-301F-11D3-BF4B-00C04F79EFBC}") = "Unity.RenderPipelines.GPUDriven.Runtime", "Unity.RenderPipelines.GPUDriven.Runtime.csproj", "{b8eb7acd-72e7-9c23-5f81-acd0530924f1}"
EndProject
Project("{FAE04EC0-301F-11D3-BF4B-00C04F79EFBC}") = "Unity.PlasticSCM.Editor", "Unity.PlasticSCM.Editor.csproj", "{583a95e8-a687-d8d9-6d00-10578efb804b}"
EndProject
Project("{FAE04EC0-301F-11D3-BF4B-00C04F79EFBC}") = "Unity.Services.Authentication.PlayerAccounts", "Unity.Services.Authentication.PlayerAccounts.csproj", "{469f64e0-49b4-1d4a-e591-9566443e5c52}"
EndProject
Project("{FAE04EC0-301F-11D3-BF4B-00C04F79EFBC}") = "Unity.Services.Core.Internal", "Unity.Services.Core.Internal.csproj", "{291f5cd3-60f0-d72c-37f6-59ef4195293c}"
EndProject
Project("{FAE04EC0-301F-11D3-BF4B-00C04F79EFBC}") = "UnityEngine.UI.Tests", "UnityEngine.UI.Tests.csproj", "{16a69f05-dcad-7aed-1f4e-68e5c9f21e12}"
EndProject
Project("{FAE04EC0-301F-11D3-BF4B-00C04F79EFBC}") = "Unity.ShaderGraph.Editor", "Unity.ShaderGraph.Editor.csproj", "{0da0d9fd-ed32-b69b-ecdc-b4b71133cce7}"
EndProject
Project("{FAE04EC0-301F-11D3-BF4B-00C04F79EFBC}") = "Assembly-CSharp", "Assembly-CSharp.csproj", "{aa6c675b-6d84-4970-4955-d240d4dd41e4}"
EndProject
Project("{FAE04EC0-301F-11D3-BF4B-00C04F79EFBC}") = "Unity.RenderPipelines.Core.Runtime", "Unity.RenderPipelines.Core.Runtime.csproj", "{f4959ee2-2538-e499-8eb4-5f17da8b4298}"
EndProject
Project("{FAE04EC0-301F-11D3-BF4B-00C04F79EFBC}") = "Unity.Mathematics", "Unity.Mathematics.csproj", "{063d6829-406b-0106-ef3f-8e339a676851}"
EndProject
Project("{FAE04EC0-301F-11D3-BF4B-00C04F79EFBC}") = "Unity.Timeline.Editor", "Unity.Timeline.Editor.csproj", "{6bf67829-5230-4f5e-fa7b-aa15dae72542}"
EndProject
Project("{FAE04EC0-301F-11D3-BF4B-00C04F79EFBC}") = "Unity.Multiplayer.Center.Editor", "Unity.Multiplayer.Center.Editor.csproj", "{30516c7c-dd15-058a-f5d6-fcfc911f6ab3}"
EndProject
Project("{FAE04EC0-301F-11D3-BF4B-00C04F79EFBC}") = "Unity.RenderPipelines.Core.Editor", "Unity.RenderPipelines.Core.Editor.csproj", "{4e6c1eda-4f3e-1e79-228d-1f1eb1f3894f}"
EndProject
Project("{FAE04EC0-301F-11D3-BF4B-00C04F79EFBC}") = "Unity.Collections", "Unity.Collections.csproj", "{14e02fd1-579c-31d3-0e90-1bf5905805aa}"
EndProject
Project("{FAE04EC0-301F-11D3-BF4B-00C04F79EFBC}") = "UnityEngine.UI", "UnityEngine.UI.csproj", "{448056cb-ccea-2d5b-db39-3c56850e8480}"
EndProject
Project("{FAE04EC0-301F-11D3-BF4B-00C04F79EFBC}") = "Unity.Services.Relay", "Unity.Services.Relay.csproj", "{129c0f80-842b-2a2c-4822-169d3489890b}"
EndProject
Project("{FAE04EC0-301F-11D3-BF4B-00C04F79EFBC}") = "Unity.RenderPipelines.Universal.2D.Runtime", "Unity.RenderPipelines.Universal.2D.Runtime.csproj", "{3b676804-4c04-eaab-bad9-89d43c0f1c5e}"
EndProject
Project("{FAE04EC0-301F-11D3-BF4B-00C04F79EFBC}") = "Unity.Netcode.TestHelpers.Runtime", "Unity.Netcode.TestHelpers.Runtime.csproj", "{d8ac87a1-6254-fa3c-36eb-be44d57af1d5}"
EndProject
Project("{FAE04EC0-301F-11D3-BF4B-00C04F79EFBC}") = "Unity.Netcode.RuntimeTests", "Unity.Netcode.RuntimeTests.csproj", "{0ced570a-2dad-b044-50bb-257812821287}"
EndProject
Project("{FAE04EC0-301F-11D3-BF4B-00C04F79EFBC}") = "Unity.VisualScripting.Core.Editor", "Unity.VisualScripting.Core.Editor.csproj", "{bc3d61cb-0448-0012-8964-992114f3447d}"
EndProject
Project("{FAE04EC0-301F-11D3-BF4B-00C04F79EFBC}") = "Unity.RenderPipelines.Universal.Editor", "Unity.RenderPipelines.Universal.Editor.csproj", "{b3320059-cb89-2c0b-1582-e9a1bf0d0c7a}"
EndProject
Project("{FAE04EC0-301F-11D3-BF4B-00C04F79EFBC}") = "Unity.Collections.Tests", "Unity.Collections.Tests.csproj", "{1ba90ee5-0684-c42a-b290-3a2d94432fb2}"
EndProject
Project("{FAE04EC0-301F-11D3-BF4B-00C04F79EFBC}") = "Unity.Burst", "Unity.Burst.csproj", "{ded86c8f-bfab-144a-0d02-485d0b5f3658}"
EndProject
Project("{FAE04EC0-301F-11D3-BF4B-00C04F79EFBC}") = "Unity.Services.Core.Environments.Editor", "Unity.Services.Core.Environments.Editor.csproj", "{4df5b75f-9c4d-3780-0c5e-f1d874173d19}"
EndProject
Project("{FAE04EC0-301F-11D3-BF4B-00C04F79EFBC}") = "Quantum.Unity", "Quantum.Unity.csproj", "{1d03aee4-c5ea-17bf-3c38-9abb8c90ef72}"
EndProject
Project("{FAE04EC0-301F-11D3-BF4B-00C04F79EFBC}") = "Unity.VisualScripting.Flow.Editor", "Unity.VisualScripting.Flow.Editor.csproj", "{e2b5b165-3974-3979-7baa-7e7cedd92eb2}"
EndProject
Project("{FAE04EC0-301F-11D3-BF4B-00C04F79EFBC}") = "Unity.Netcode.Runtime", "Unity.Netcode.Runtime.csproj", "{0fe815d6-78be-5bdb-20dd-54865ae06325}"
EndProject
Project("{FAE04EC0-301F-11D3-BF4B-00C04F79EFBC}") = "Photon.Realtime", "Photon.Realtime.csproj", "{b5548e3a-46fd-394d-9d96-59a790d21722}"
EndProject
Project("{FAE04EC0-301F-11D3-BF4B-00C04F79EFBC}") = "Unity.Networking.Transport", "Unity.Networking.Transport.csproj", "{345e5837-4524-56da-f686-bef49e99079d}"
EndProject
Project("{FAE04EC0-301F-11D3-BF4B-00C04F79EFBC}") = "Unity.Services.Authentication", "Unity.Services.Authentication.csproj", "{370f0078-3878-9413-07a4-173bf0c74a1d}"
EndProject
Project("{FAE04EC0-301F-11D3-BF4B-00C04F79EFBC}") = "Unity.VisualStudio.Editor", "Unity.VisualStudio.Editor.csproj", "{140dea37-c4c8-537d-cd61-1cea0e05e116}"
EndProject
Project("{FAE04EC0-301F-11D3-BF4B-00C04F79EFBC}") = "PPv2URPConverters", "PPv2URPConverters.csproj", "{16fc67b1-731f-6e36-e955-d48ef00b13dc}"
EndProject
Project("{FAE04EC0-301F-11D3-BF4B-00C04F79EFBC}") = "Unity.Services.QoS", "Unity.Services.QoS.csproj", "{6a67d617-232b-3670-6dac-fade60a4d6cb}"
EndProject
Project("{FAE04EC0-301F-11D3-BF4B-00C04F79EFBC}") = "Unity.Services.Authentication.Editor", "Unity.Services.Authentication.Editor.csproj", "{7c38c430-f278-1d36-6b30-48a9c39266e0}"
EndProject
Project("{FAE04EC0-301F-11D3-BF4B-00C04F79EFBC}") = "Unity.Services.Lobbies", "Unity.Services.Lobbies.csproj", "{ee2acc51-ff08-c7a8-e32c-6fa2b32a00a6}"
EndProject
Project("{FAE04EC0-301F-11D3-BF4B-00C04F79EFBC}") = "Unity.Searcher.Editor", "Unity.Searcher.Editor.csproj", "{2cb11d09-3575-2835-c794-595a51e7c247}"
EndProject
Project("{FAE04EC0-301F-11D3-BF4B-00C04F79EFBC}") = "Unity.Services.Wire.Internal", "Unity.Services.Wire.Internal.csproj", "{4d981c62-cae6-771e-14e8-2316d53f0e1f}"
EndProject
Project("{FAE04EC0-301F-11D3-BF4B-00C04F79EFBC}") = "Unity.VisualScripting.Core", "Unity.VisualScripting.Core.csproj", "{afb44179-82a3-b6a6-8d9a-8b6e188f73ac}"
EndProject
Project("{FAE04EC0-301F-11D3-BF4B-00C04F79EFBC}") = "Unity.RenderPipelines.Universal.Runtime", "Unity.RenderPipelines.Universal.Runtime.csproj", "{61c0dc5f-69ab-71c1-64b4-51f3afd276e3}"
EndProject
Project("{FAE04EC0-301F-11D3-BF4B-00C04F79EFBC}") = "Assembly-CSharp-Editor", "Assembly-CSharp-Editor.csproj", "{a87cf63e-edd2-a9ef-9a06-b668aa9bd051}"
EndProject
Project("{FAE04EC0-301F-11D3-BF4B-00C04F79EFBC}") = "Unity.Collections.PerformanceTests", "Unity.Collections.PerformanceTests.csproj", "{22ff92aa-2930-a310-ebcb-410d1f23fb3f}"
EndProject
Project("{FAE04EC0-301F-11D3-BF4B-00C04F79EFBC}") = "Unity.AI.Navigation.Editor.ConversionSystem", "Unity.AI.Navigation.Editor.ConversionSystem.csproj", "{37a7f8e2-78d0-a33e-c237-33f57068ad42}"
EndProject
Project("{FAE04EC0-301F-11D3-BF4B-00C04F79EFBC}") = "Unity.VisualScripting.State.Editor", "Unity.VisualScripting.State.Editor.csproj", "{0c563822-b313-0130-e7da-9e4638fc2681}"
EndProject
Project("{FAE04EC0-301F-11D3-BF4B-00C04F79EFBC}") = "unity-websocket-sharp", "unity-websocket-sharp.csproj", "{e5b8baa3-e5dc-123f-5839-b10282e649fe}"
EndProject
Project("{FAE04EC0-301F-11D3-BF4B-00C04F79EFBC}") = "Unity.Services.Core.Editor", "Unity.Services.Core.Editor.csproj", "{437e53bf-8791-6e13-ac78-be7fd076a3bb}"
EndProject
Project("{FAE04EC0-301F-11D3-BF4B-00C04F79EFBC}") = "Unity.Burst.CodeGen", "Unity.Burst.CodeGen.csproj", "{ea07cc08-0457-27e0-f1f4-2dd99c7d1eee}"
EndProject
Project("{FAE04EC0-301F-11D3-BF4B-00C04F79EFBC}") = "Unity.Services.Core", "Unity.Services.Core.csproj", "{153f9f76-0d18-0a0a-37b1-6dbf6f22eb2f}"
EndProject
Project("{FAE04EC0-301F-11D3-BF4B-00C04F79EFBC}") = "Unity.VisualScripting.Flow", "Unity.VisualScripting.Flow.csproj", "{2a63d1cf-0ae9-459c-59f4-df794853f101}"
EndProject
Project("{FAE04EC0-301F-11D3-BF4B-00C04F79EFBC}") = "Unity.Mathematics.Tests", "Unity.Mathematics.Tests.csproj", "{a29aaf8e-5a42-8b68-8ec8-7b89539d2e99}"
EndProject
Project("{FAE04EC0-301F-11D3-BF4B-00C04F79EFBC}") = "Unity.TextMeshPro", "Unity.TextMeshPro.csproj", "{40cb24cc-3659-ae42-e257-49a18b46e50c}"
EndProject
Project("{FAE04EC0-301F-11D3-BF4B-00C04F79EFBC}") = "Unity.Netcode.EditorTests", "Unity.Netcode.EditorTests.csproj", "{cae1d428-3c5c-e949-33a1-a38141063fe1}"
EndProject
Project("{FAE04EC0-301F-11D3-BF4B-00C04F79EFBC}") = "Unity.TextMeshPro.Editor", "Unity.TextMeshPro.Editor.csproj", "{a7b86e2f-cb55-3f48-530d-8784bff58f00}"
EndProject
Project("{FAE04EC0-301F-11D3-BF4B-00C04F79EFBC}") = "Unity.Rendering.LightTransport.Runtime", "Unity.Rendering.LightTransport.Runtime.csproj", "{a860ac0b-eb8a-b4dd-9eb8-c00d294507c8}"
EndProject
Project("{FAE04EC0-301F-11D3-BF4B-00C04F79EFBC}") = "Unity.Burst.Editor", "Unity.Burst.Editor.csproj", "{97d2a158-8355-9058-6b00-8ad02355d84d}"
EndProject
Project("{FAE04EC0-301F-11D3-BF4B-00C04F79EFBC}") = "Unity.Rider.Editor", "Unity.Rider.Editor.csproj", "{33d49784-08d4-25d8-319c-b25f44124659}"
EndProject
Project("{FAE04EC0-301F-11D3-BF4B-00C04F79EFBC}") = "Unity.VisualScripting.State", "Unity.VisualScripting.State.csproj", "{d4956b6e-f6e0-bf10-badf-94d2528c9484}"
EndProject
Project("{FAE04EC0-301F-11D3-BF4B-00C04F79EFBC}") = "Unity.AI.Navigation.Updater", "Unity.AI.Navigation.Updater.csproj", "{ef1a947b-fa60-4f78-d74d-35208376d31e}"
EndProject
Project("{FAE04EC0-301F-11D3-BF4B-00C04F79EFBC}") = "Unity.Netcode.Components", "Unity.Netcode.Components.csproj", "{39b37af4-3c3b-c020-cb14-318a4a404452}"
EndProject
Project("{FAE04EC0-301F-11D3-BF4B-00C04F79EFBC}") = "Unity.ShaderGraph.Editor.Tests", "Unity.ShaderGraph.Editor.Tests.csproj", "{aa0deed7-8b3f-6678-8dec-e25ab6f3858b}"
EndProject
Project("{FAE04EC0-301F-11D3-BF4B-00C04F79EFBC}") = "UnityEditor.UI", "UnityEditor.UI.csproj", "{13470c0f-d0c9-2797-7469-c1d4b35d35a9}"
EndProject
Project("{FAE04EC0-301F-11D3-BF4B-00C04F79EFBC}") = "Quantum.Simulation", "Quantum.Simulation.csproj", "{c202dc71-7689-46ce-86f0-3ee66af40e30}"
EndProject
Project("{FAE04EC0-301F-11D3-BF4B-00C04F79EFBC}") = "Unity.Networking.Editor", "Unity.Networking.Editor.csproj", "{a38f13ee-9336-bd41-3361-48c5d77de254}"
EndProject
Project("{FAE04EC0-301F-11D3-BF4B-00C04F79EFBC}") = "Unity.Services.Authentication.PlayerAccounts.Editor", "Unity.Services.Authentication.PlayerAccounts.Editor.csproj", "{f674cf78-4db9-ed72-6989-be1fc929ccbd}"
EndProject
Project("{FAE04EC0-301F-11D3-BF4B-00C04F79EFBC}") = "Unity.AI.Navigation.Editor", "Unity.AI.Navigation.Editor.csproj", "{2d949846-6bc4-02b9-3628-8adc1633b563}"
EndProject
Project("{FAE04EC0-301F-11D3-BF4B-00C04F79EFBC}") = "UnityEditor.UI.EditorTests", "UnityEditor.UI.EditorTests.csproj", "{07e6f87b-7abf-b9a0-3bbb-95f5f83da542}"
EndProject
Project("{FAE04EC0-301F-11D3-BF4B-00C04F79EFBC}") = "Unity.Netcode.Editor.CodeGen", "Unity.Netcode.Editor.CodeGen.csproj", "{2bcefb22-8d92-4193-1cb7-634e49ced48a}"
EndProject
Project("{FAE04EC0-301F-11D3-BF4B-00C04F79EFBC}") = "Quantum.Unity.Editor", "Quantum.Unity.Editor.csproj", "{c4f00d61-bd46-3c4e-ec97-5ab23d756c5e}"
EndProject
Project("{FAE04EC0-301F-11D3-BF4B-00C04F79EFBC}") = "Unity.Services.Core.Configuration.Editor", "Unity.Services.Core.Configuration.Editor.csproj", "{441634e2-c3aa-3276-440e-537cae853a9b}"
EndProject
Project("{FAE04EC0-301F-11D3-BF4B-00C04F79EFBC}") = "Unity.Services.Core.Configuration", "Unity.Services.Core.Configuration.csproj", "{805ea1c0-27d5-be96-5d5e-b0c8eb7bed95}"
EndProject
Project("{FAE04EC0-301F-11D3-BF4B-00C04F79EFBC}") = "Unity.Multiplayer.Center.Common", "Unity.Multiplayer.Center.Common.csproj", "{7c12910d-1202-262d-1451-36af799e1bee}"
EndProject
Project("{FAE04EC0-301F-11D3-BF4B-00C04F79EFBC}") = "Unity.RenderPipelines.Universal.Editor.Tests", "Unity.RenderPipelines.Universal.Editor.Tests.csproj", "{89755e15-3e5e-31ab-1a1e-babd674abdf1}"
EndProject
Project("{FAE04EC0-301F-11D3-BF4B-00C04F79EFBC}") = "Unity.RenderPipelines.Core.Editor.Tests", "Unity.RenderPipelines.Core.Editor.Tests.csproj", "{c7a25532-e04e-bc27-56a5-c46b4a9ac401}"
EndProject
Project("{FAE04EC0-301F-11D3-BF4B-00C04F79EFBC}") = "Unity.Services.Core.Environments.Internal", "Unity.Services.Core.Environments.Internal.csproj", "{833df780-35ec-0109-3d3c-7b7eba684ffe}"
EndProject
Project("{FAE04EC0-301F-11D3-BF4B-00C04F79EFBC}") = "Quantum.Unity.Editor.CodeGen", "Quantum.Unity.Editor.CodeGen.csproj", "{aa8ca5c1-381b-0130-f166-a7bfb491e8d6}"
EndProject
Project("{FAE04EC0-301F-11D3-BF4B-00C04F79EFBC}") = "Unity.RenderPipelines.Core.Runtime.Tests", "Unity.RenderPipelines.Core.Runtime.Tests.csproj", "{ef6e1eba-5aae-35bd-86b8-9b8a6f304499}"
EndProject
Project("{FAE04EC0-301F-11D3-BF4B-00C04F79EFBC}") = "Unity.InputSystem.ForUI", "Unity.InputSystem.ForUI.csproj", "{e36eaa7d-f1a4-e4f3-d8eb-0157b645199d}"
EndProject
Project("{FAE04EC0-301F-11D3-BF4B-00C04F79EFBC}") = "Unity.Multiplayer.Center.Editor.Tests", "Unity.Multiplayer.Center.Editor.Tests.csproj", "{c4638e3c-0128-f40d-c778-5b9a7add4002}"
EndProject
Project("{FAE04EC0-301F-11D3-BF4B-00C04F79EFBC}") = "Unity.Services.Core.Scheduler", "Unity.Services.Core.Scheduler.csproj", "{cb3d96b6-1052-c53d-780b-02500d3815c4}"
EndProject
Project("{FAE04EC0-301F-11D3-BF4B-00C04F79EFBC}") = "Unity.AI.Navigation", "Unity.AI.Navigation.csproj", "{d5b5289e-cf9d-ec3d-f2f8-e382d6f4e9e1}"
EndProject
Project("{FAE04EC0-301F-11D3-BF4B-00C04F79EFBC}") = "Unity.Collections.CodeGen", "Unity.Collections.CodeGen.csproj", "{6adc3dc7-f77b-486c-da87-424ca5becd1e}"
EndProject
Project("{FAE04EC0-301F-11D3-BF4B-00C04F79EFBC}") = "Unity.Services.Core.Telemetry", "Unity.Services.Core.Telemetry.csproj", "{8769f42c-847f-8fd6-8eb1-cf9a4c6efcfb}"
EndProject
Project("{FAE04EC0-301F-11D3-BF4B-00C04F79EFBC}") = "Unity.Services.Core.Components", "Unity.Services.Core.Components.csproj", "{a66fcfc2-359f-1fc0-427f-889afd721be0}"
EndProject
Project("{FAE04EC0-301F-11D3-BF4B-00C04F79EFBC}") = "Unity.Mathematics.Editor", "Unity.Mathematics.Editor.csproj", "{2123d5bf-076c-4994-73fa-3d3f3faeb52d}"
EndProject
Project("{FAE04EC0-301F-11D3-BF4B-00C04F79EFBC}") = "Unity.VisualScripting.SettingsProvider.Editor", "Unity.VisualScripting.SettingsProvider.Editor.csproj", "{1947d99d-3e9f-e9fa-d099-20155f134058}"
EndProject
Project("{FAE04EC0-301F-11D3-BF4B-00C04F79EFBC}") = "DocCodeExamples", "DocCodeExamples.csproj", "{03b9cefa-923c-1364-bed8-80d70cdac9d1}"
EndProject
Project("{FAE04EC0-301F-11D3-BF4B-00C04F79EFBC}") = "UnityEditor.UI.Analytics", "UnityEditor.UI.Analytics.csproj", "{3a096b3e-f7c4-1c2c-202d-03a1a8b27dd8}"
EndProject
Project("{FAE04EC0-301F-11D3-BF4B-00C04F79EFBC}") = "Unity.VSCode.Editor", "Unity.VSCode.Editor.csproj", "{bc1f980f-0050-c507-adc7-df32452e89e8}"
EndProject
Project("{FAE04EC0-301F-11D3-BF4B-00C04F79EFBC}") = "Unity.Services.Core.Threading", "Unity.Services.Core.Threading.csproj", "{7ae5f067-d4cc-d27f-4a75-b7466d86e8c1}"
EndProject
Project("{FAE04EC0-301F-11D3-BF4B-00C04F79EFBC}") = "Unity.ShaderGraph.Utilities", "Unity.ShaderGraph.Utilities.csproj", "{35990c2f-d25f-c9c3-a320-2e9e42d6d304}"
EndProject
Project("{FAE04EC0-301F-11D3-BF4B-00C04F79EFBC}") = "Unity.VisualScripting.Shared.Editor", "Unity.VisualScripting.Shared.Editor.csproj", "{688f728d-739d-7061-c2ad-33da3f833947}"
EndProject
Project("{FAE04EC0-301F-11D3-BF4B-00C04F79EFBC}") = "Unity.Searcher.EditorTests", "Unity.Searcher.EditorTests.csproj", "{f2e6c9d9-8140-d725-45d7-d8033d8814ef}"
EndProject
Project("{FAE04EC0-301F-11D3-BF4B-00C04F79EFBC}") = "Unity.Services.Core.Device", "Unity.Services.Core.Device.csproj", "{23b9f47c-03fe-40d2-841f-6c33a9a6b1aa}"
EndProject
Project("{FAE04EC0-301F-11D3-BF4B-00C04F79EFBC}") = "Unity.Services.Core.Analytics", "Unity.Services.Core.Analytics.csproj", "{988ac683-c3da-b806-d8ee-99199ea1e0b9}"
EndProject
Project("{FAE04EC0-301F-11D3-BF4B-00C04F79EFBC}") = "Unity.LightTransport.Editor.Tests", "Unity.LightTransport.Editor.Tests.csproj", "{82016cec-2e0c-9550-55bf-bbb6e7a8a598}"
EndProject
Project("{FAE04EC0-301F-11D3-BF4B-00C04F79EFBC}") = "Unity.RenderPipelines.Universal.Runtime.Tests", "Unity.RenderPipelines.Universal.Runtime.Tests.csproj", "{5fa95fc7-32d2-0247-ed66-374fa02bf6a2}"
EndProject
Project("{FAE04EC0-301F-11D3-BF4B-00C04F79EFBC}") = "Unity.Collections.DocCodeSamples", "Unity.Collections.DocCodeSamples.csproj", "{7dbf8b63-4e7a-7fe3-c2a2-7b9b73385f32}"
EndProject
Project("{FAE04EC0-301F-11D3-BF4B-00C04F79EFBC}") = "Unity.CollabProxy.Editor", "Unity.CollabProxy.Editor.csproj", "{19ea40e3-e2e5-55d9-ab59-9be7872d3b1b}"
EndProject
Project("{FAE04EC0-301F-11D3-BF4B-00C04F79EFBC}") = "Unity.Netcode.Editor", "Unity.Netcode.Editor.csproj", "{9bd5aa7a-c737-00a4-2992-39c4765a35cf}"
EndProject
Project("{FAE04EC0-301F-11D3-BF4B-00C04F79EFBC}") = "Unity.RenderPipeline.Universal.ShaderLibrary", "Unity.RenderPipeline.Universal.ShaderLibrary.csproj", "{3a5271df-9491-77b6-bf5a-972a947d559b}"
EndProject
Project("{FAE04EC0-301F-11D3-BF4B-00C04F79EFBC}") = "Unity.TextMeshPro.Editor.Tests", "Unity.TextMeshPro.Editor.Tests.csproj", "{eb7e6958-08dc-f7ec-91db-6782a8760824}"
EndProject
Project("{FAE04EC0-301F-11D3-BF4B-00C04F79EFBC}") = "Unity.Services.Core.Registration", "Unity.Services.Core.Registration.csproj", "{6ffa2209-4d78-e35e-e483-92bd8381da4a}"
EndProject
Project("{FAE04EC0-301F-11D3-BF4B-00C04F79EFBC}") = "Unity.Rendering.LightTransport.Editor", "Unity.Rendering.LightTransport.Editor.csproj", "{206a13e7-08c7-8b4a-64f0-3e5c68d9264b}"
EndProject
Project("{FAE04EC0-301F-11D3-BF4B-00C04F79EFBC}") = "Unity.TextMeshPro.Tests", "Unity.TextMeshPro.Tests.csproj", "{028edff6-d283-bd55-5d30-3840e5580231}"
EndProject
Project("{FAE04EC0-301F-11D3-BF4B-00C04F79EFBC}") = "Unity.InputSystem.DocCodeSamples", "Unity.InputSystem.DocCodeSamples.csproj", "{7566f59b-9526-4ecf-b3d7-55218165a24a}"
EndProject
Project("{FAE04EC0-301F-11D3-BF4B-00C04F79EFBC}") = "Unity.Netcode.Editor.PackageChecker", "Unity.Netcode.Editor.PackageChecker.csproj", "{a46b3a54-992e-0ef8-92d7-986191db120b}"
EndProject
Project("{FAE04EC0-301F-11D3-BF4B-00C04F79EFBC}") = "Unity.RenderPipelines.Universal.Shaders", "Unity.RenderPipelines.Universal.Shaders.csproj", "{e1d0b56a-46b4-f85f-85e1-76b2e8ee34d3}"
EndProject
Project("{FAE04EC0-301F-11D3-BF4B-00C04F79EFBC}") = "Unity.Multiplayer.Center.Tests", "Unity.Multiplayer.Center.Tests.csproj", "{1cce91b9-ed08-3a60-1d3e-9fb8ac869c61}"
EndProject
Project("{FAE04EC0-301F-11D3-BF4B-00C04F79EFBC}") = "Unity.RenderPipelines.Core.Runtime.Shared", "Unity.RenderPipelines.Core.Runtime.Shared.csproj", "{12fe610b-452d-0398-2021-dafec7ccab63}"
EndProject
Project("{FAE04EC0-301F-11D3-BF4B-00C04F79EFBC}") = "Unity.Services.Core.Networking", "Unity.Services.Core.Networking.csproj", "{d71714dc-da5d-beef-0334-1eb89e5f7c4a}"
EndProject
Project("{FAE04EC0-301F-11D3-BF4B-00C04F79EFBC}") = "Unity.Nuget.Mono-Cecil", "Unity.Nuget.Mono-Cecil.csproj", "{2594f231-927e-1bd0-1c80-d5197c236648}"
EndProject
Project("{FAE04EC0-301F-11D3-BF4B-00C04F79EFBC}") = "Unity.VisualScripting.DocCodeExamples", "Unity.VisualScripting.DocCodeExamples.csproj", "{abe7c079-531d-117d-eb60-d6d7b41b3b37}"
EndProject
Project("{FAE04EC0-301F-11D3-BF4B-00C04F79EFBC}") = "Unity.RenderPipelines.Universal.Config.Editor.Tests", "Unity.RenderPipelines.Universal.Config.Editor.Tests.csproj", "{b3d9aa32-d6bb-aca0-9b70-edc6ad5b8528}"
EndProject
Project("{FAE04EC0-301F-11D3-BF4B-00C04F79EFBC}") = "Unity.PlasticSCM.Editor.Entities", "Unity.PlasticSCM.Editor.Entities.csproj", "{ee5f8aec-1b32-1986-8380-d3025156af29}"
EndProject
Project("{FAE04EC0-301F-11D3-BF4B-00C04F79EFBC}") = "Unity.Services.Core.Environments", "Unity.Services.Core.Environments.csproj", "{f463af5a-5141-543a-aeff-6a4bb0c49147}"
EndProject
Project("{FAE04EC0-301F-11D3-BF4B-00C04F79EFBC}") = "Unity.Collections.Editor", "Unity.Collections.Editor.csproj", "{839b29c6-eaf1-ee43-f53b-812a1d710ac7}"
EndProject
Project("{FAE04EC0-301F-11D3-BF4B-00C04F79EFBC}") = "Unity.Collections.BurstCompatibilityGen", "Unity.Collections.BurstCompatibilityGen.csproj", "{7f419b72-4df3-c2ac-e1d5-2eb94c0d2025}"
EndProject
Project("{FAE04EC0-301F-11D3-BF4B-00C04F79EFBC}") = "Unity.InputSystem.IntegrationTests", "Unity.InputSystem.IntegrationTests.csproj", "{b5b40851-4dde-a01a-fc28-653c12855386}"
EndProject
Project("{FAE04EC0-301F-11D3-BF4B-00C04F79EFBC}") = "Unity.RenderPipelines.Universal.Config.Runtime", "Unity.RenderPipelines.Universal.Config.Runtime.csproj", "{e215624a-9acc-b0f9-20f4-7067e4b80c99}"
EndProject
Project("{FAE04EC0-301F-11D3-BF4B-00C04F79EFBC}") = "Unity.RenderPipelines.ShaderGraph.ShaderGraphLibrary", "Unity.RenderPipelines.ShaderGraph.ShaderGraphLibrary.csproj", "{e98e688f-88df-75c2-96b4-89eb49c6b1a4}"
EndProject
Project("{FAE04EC0-301F-11D3-BF4B-00C04F79EFBC}") = "Unity.RenderPipelines.Core.ShaderLibrary", "Unity.RenderPipelines.Core.ShaderLibrary.csproj", "{58a6e5b7-f0f5-dfe4-d1a1-f346635ad5cf}"
EndProject
Project("{FAE04EC0-301F-11D3-BF4B-00C04F79EFBC}") = "Unity.RenderPipelines.Core.Editor.Shared", "Unity.RenderPipelines.Core.Editor.Shared.csproj", "{647e2c3d-87d8-9bb9-099b-16747caee8ce}"
EndProject
Project("{FAE04EC0-301F-11D3-BF4B-00C04F79EFBC}") = "TestNewCustomAssembly", "TestNewCustomAssembly.csproj", "{d2c9327f-2be9-7dfa-3147-50ca415f038c}"
EndProject
Global
	GlobalSection(SolutionConfigurationPlatforms) = preSolution
		Debug|Any CPU = Debug|Any CPU
	EndGlobalSection
	GlobalSection(ProjectConfigurationPlatforms) = postSolution
		{047220fc-22a3-e83b-d553-002fb4b1b9e9}.Debug|Any CPU.ActiveCfg = Debug|Any CPU
		{047220fc-22a3-e83b-d553-002fb4b1b9e9}.Debug|Any CPU.Build.0 = Debug|Any CPU
		{4b60ffe5-62ca-df73-a6fb-2ad7b83c628a}.Debug|Any CPU.ActiveCfg = Debug|Any CPU
		{4b60ffe5-62ca-df73-a6fb-2ad7b83c628a}.Debug|Any CPU.Build.0 = Debug|Any CPU
		{b8eb7acd-72e7-9c23-5f81-acd0530924f1}.Debug|Any CPU.ActiveCfg = Debug|Any CPU
		{b8eb7acd-72e7-9c23-5f81-acd0530924f1}.Debug|Any CPU.Build.0 = Debug|Any CPU
		{583a95e8-a687-d8d9-6d00-10578efb804b}.Debug|Any CPU.ActiveCfg = Debug|Any CPU
		{583a95e8-a687-d8d9-6d00-10578efb804b}.Debug|Any CPU.Build.0 = Debug|Any CPU
		{469f64e0-49b4-1d4a-e591-9566443e5c52}.Debug|Any CPU.ActiveCfg = Debug|Any CPU
		{469f64e0-49b4-1d4a-e591-9566443e5c52}.Debug|Any CPU.Build.0 = Debug|Any CPU
		{291f5cd3-60f0-d72c-37f6-59ef4195293c}.Debug|Any CPU.ActiveCfg = Debug|Any CPU
		{291f5cd3-60f0-d72c-37f6-59ef4195293c}.Debug|Any CPU.Build.0 = Debug|Any CPU
		{16a69f05-dcad-7aed-1f4e-68e5c9f21e12}.Debug|Any CPU.ActiveCfg = Debug|Any CPU
		{16a69f05-dcad-7aed-1f4e-68e5c9f21e12}.Debug|Any CPU.Build.0 = Debug|Any CPU
		{0da0d9fd-ed32-b69b-ecdc-b4b71133cce7}.Debug|Any CPU.ActiveCfg = Debug|Any CPU
		{0da0d9fd-ed32-b69b-ecdc-b4b71133cce7}.Debug|Any CPU.Build.0 = Debug|Any CPU
		{aa6c675b-6d84-4970-4955-d240d4dd41e4}.Debug|Any CPU.ActiveCfg = Debug|Any CPU
		{aa6c675b-6d84-4970-4955-d240d4dd41e4}.Debug|Any CPU.Build.0 = Debug|Any CPU
		{f4959ee2-2538-e499-8eb4-5f17da8b4298}.Debug|Any CPU.ActiveCfg = Debug|Any CPU
		{f4959ee2-2538-e499-8eb4-5f17da8b4298}.Debug|Any CPU.Build.0 = Debug|Any CPU
		{063d6829-406b-0106-ef3f-8e339a676851}.Debug|Any CPU.ActiveCfg = Debug|Any CPU
		{063d6829-406b-0106-ef3f-8e339a676851}.Debug|Any CPU.Build.0 = Debug|Any CPU
		{6bf67829-5230-4f5e-fa7b-aa15dae72542}.Debug|Any CPU.ActiveCfg = Debug|Any CPU
		{6bf67829-5230-4f5e-fa7b-aa15dae72542}.Debug|Any CPU.Build.0 = Debug|Any CPU
		{30516c7c-dd15-058a-f5d6-fcfc911f6ab3}.Debug|Any CPU.ActiveCfg = Debug|Any CPU
		{30516c7c-dd15-058a-f5d6-fcfc911f6ab3}.Debug|Any CPU.Build.0 = Debug|Any CPU
		{4e6c1eda-4f3e-1e79-228d-1f1eb1f3894f}.Debug|Any CPU.ActiveCfg = Debug|Any CPU
		{4e6c1eda-4f3e-1e79-228d-1f1eb1f3894f}.Debug|Any CPU.Build.0 = Debug|Any CPU
		{14e02fd1-579c-31d3-0e90-1bf5905805aa}.Debug|Any CPU.ActiveCfg = Debug|Any CPU
		{14e02fd1-579c-31d3-0e90-1bf5905805aa}.Debug|Any CPU.Build.0 = Debug|Any CPU
		{448056cb-ccea-2d5b-db39-3c56850e8480}.Debug|Any CPU.ActiveCfg = Debug|Any CPU
		{448056cb-ccea-2d5b-db39-3c56850e8480}.Debug|Any CPU.Build.0 = Debug|Any CPU
		{129c0f80-842b-2a2c-4822-169d3489890b}.Debug|Any CPU.ActiveCfg = Debug|Any CPU
		{129c0f80-842b-2a2c-4822-169d3489890b}.Debug|Any CPU.Build.0 = Debug|Any CPU
		{3b676804-4c04-eaab-bad9-89d43c0f1c5e}.Debug|Any CPU.ActiveCfg = Debug|Any CPU
		{3b676804-4c04-eaab-bad9-89d43c0f1c5e}.Debug|Any CPU.Build.0 = Debug|Any CPU
		{d8ac87a1-6254-fa3c-36eb-be44d57af1d5}.Debug|Any CPU.ActiveCfg = Debug|Any CPU
		{d8ac87a1-6254-fa3c-36eb-be44d57af1d5}.Debug|Any CPU.Build.0 = Debug|Any CPU
		{0ced570a-2dad-b044-50bb-257812821287}.Debug|Any CPU.ActiveCfg = Debug|Any CPU
		{0ced570a-2dad-b044-50bb-257812821287}.Debug|Any CPU.Build.0 = Debug|Any CPU
		{bc3d61cb-0448-0012-8964-992114f3447d}.Debug|Any CPU.ActiveCfg = Debug|Any CPU
		{bc3d61cb-0448-0012-8964-992114f3447d}.Debug|Any CPU.Build.0 = Debug|Any CPU
		{b3320059-cb89-2c0b-1582-e9a1bf0d0c7a}.Debug|Any CPU.ActiveCfg = Debug|Any CPU
		{b3320059-cb89-2c0b-1582-e9a1bf0d0c7a}.Debug|Any CPU.Build.0 = Debug|Any CPU
		{1ba90ee5-0684-c42a-b290-3a2d94432fb2}.Debug|Any CPU.ActiveCfg = Debug|Any CPU
		{1ba90ee5-0684-c42a-b290-3a2d94432fb2}.Debug|Any CPU.Build.0 = Debug|Any CPU
		{ded86c8f-bfab-144a-0d02-485d0b5f3658}.Debug|Any CPU.ActiveCfg = Debug|Any CPU
		{ded86c8f-bfab-144a-0d02-485d0b5f3658}.Debug|Any CPU.Build.0 = Debug|Any CPU
		{4df5b75f-9c4d-3780-0c5e-f1d874173d19}.Debug|Any CPU.ActiveCfg = Debug|Any CPU
		{4df5b75f-9c4d-3780-0c5e-f1d874173d19}.Debug|Any CPU.Build.0 = Debug|Any CPU
		{1d03aee4-c5ea-17bf-3c38-9abb8c90ef72}.Debug|Any CPU.ActiveCfg = Debug|Any CPU
		{1d03aee4-c5ea-17bf-3c38-9abb8c90ef72}.Debug|Any CPU.Build.0 = Debug|Any CPU
		{e2b5b165-3974-3979-7baa-7e7cedd92eb2}.Debug|Any CPU.ActiveCfg = Debug|Any CPU
		{e2b5b165-3974-3979-7baa-7e7cedd92eb2}.Debug|Any CPU.Build.0 = Debug|Any CPU
		{0fe815d6-78be-5bdb-20dd-54865ae06325}.Debug|Any CPU.ActiveCfg = Debug|Any CPU
		{0fe815d6-78be-5bdb-20dd-54865ae06325}.Debug|Any CPU.Build.0 = Debug|Any CPU
		{b5548e3a-46fd-394d-9d96-59a790d21722}.Debug|Any CPU.ActiveCfg = Debug|Any CPU
		{b5548e3a-46fd-394d-9d96-59a790d21722}.Debug|Any CPU.Build.0 = Debug|Any CPU
		{345e5837-4524-56da-f686-bef49e99079d}.Debug|Any CPU.ActiveCfg = Debug|Any CPU
		{345e5837-4524-56da-f686-bef49e99079d}.Debug|Any CPU.Build.0 = Debug|Any CPU
		{370f0078-3878-9413-07a4-173bf0c74a1d}.Debug|Any CPU.ActiveCfg = Debug|Any CPU
		{370f0078-3878-9413-07a4-173bf0c74a1d}.Debug|Any CPU.Build.0 = Debug|Any CPU
		{140dea37-c4c8-537d-cd61-1cea0e05e116}.Debug|Any CPU.ActiveCfg = Debug|Any CPU
		{140dea37-c4c8-537d-cd61-1cea0e05e116}.Debug|Any CPU.Build.0 = Debug|Any CPU
		{16fc67b1-731f-6e36-e955-d48ef00b13dc}.Debug|Any CPU.ActiveCfg = Debug|Any CPU
		{16fc67b1-731f-6e36-e955-d48ef00b13dc}.Debug|Any CPU.Build.0 = Debug|Any CPU
		{6a67d617-232b-3670-6dac-fade60a4d6cb}.Debug|Any CPU.ActiveCfg = Debug|Any CPU
		{6a67d617-232b-3670-6dac-fade60a4d6cb}.Debug|Any CPU.Build.0 = Debug|Any CPU
		{7c38c430-f278-1d36-6b30-48a9c39266e0}.Debug|Any CPU.ActiveCfg = Debug|Any CPU
		{7c38c430-f278-1d36-6b30-48a9c39266e0}.Debug|Any CPU.Build.0 = Debug|Any CPU
		{ee2acc51-ff08-c7a8-e32c-6fa2b32a00a6}.Debug|Any CPU.ActiveCfg = Debug|Any CPU
		{ee2acc51-ff08-c7a8-e32c-6fa2b32a00a6}.Debug|Any CPU.Build.0 = Debug|Any CPU
		{2cb11d09-3575-2835-c794-595a51e7c247}.Debug|Any CPU.ActiveCfg = Debug|Any CPU
		{2cb11d09-3575-2835-c794-595a51e7c247}.Debug|Any CPU.Build.0 = Debug|Any CPU
		{4d981c62-cae6-771e-14e8-2316d53f0e1f}.Debug|Any CPU.ActiveCfg = Debug|Any CPU
		{4d981c62-cae6-771e-14e8-2316d53f0e1f}.Debug|Any CPU.Build.0 = Debug|Any CPU
		{afb44179-82a3-b6a6-8d9a-8b6e188f73ac}.Debug|Any CPU.ActiveCfg = Debug|Any CPU
		{afb44179-82a3-b6a6-8d9a-8b6e188f73ac}.Debug|Any CPU.Build.0 = Debug|Any CPU
		{61c0dc5f-69ab-71c1-64b4-51f3afd276e3}.Debug|Any CPU.ActiveCfg = Debug|Any CPU
		{61c0dc5f-69ab-71c1-64b4-51f3afd276e3}.Debug|Any CPU.Build.0 = Debug|Any CPU
		{a87cf63e-edd2-a9ef-9a06-b668aa9bd051}.Debug|Any CPU.ActiveCfg = Debug|Any CPU
		{a87cf63e-edd2-a9ef-9a06-b668aa9bd051}.Debug|Any CPU.Build.0 = Debug|Any CPU
		{22ff92aa-2930-a310-ebcb-410d1f23fb3f}.Debug|Any CPU.ActiveCfg = Debug|Any CPU
		{22ff92aa-2930-a310-ebcb-410d1f23fb3f}.Debug|Any CPU.Build.0 = Debug|Any CPU
		{37a7f8e2-78d0-a33e-c237-33f57068ad42}.Debug|Any CPU.ActiveCfg = Debug|Any CPU
		{37a7f8e2-78d0-a33e-c237-33f57068ad42}.Debug|Any CPU.Build.0 = Debug|Any CPU
		{0c563822-b313-0130-e7da-9e4638fc2681}.Debug|Any CPU.ActiveCfg = Debug|Any CPU
		{0c563822-b313-0130-e7da-9e4638fc2681}.Debug|Any CPU.Build.0 = Debug|Any CPU
		{e5b8baa3-e5dc-123f-5839-b10282e649fe}.Debug|Any CPU.ActiveCfg = Debug|Any CPU
		{e5b8baa3-e5dc-123f-5839-b10282e649fe}.Debug|Any CPU.Build.0 = Debug|Any CPU
		{437e53bf-8791-6e13-ac78-be7fd076a3bb}.Debug|Any CPU.ActiveCfg = Debug|Any CPU
		{437e53bf-8791-6e13-ac78-be7fd076a3bb}.Debug|Any CPU.Build.0 = Debug|Any CPU
		{ea07cc08-0457-27e0-f1f4-2dd99c7d1eee}.Debug|Any CPU.ActiveCfg = Debug|Any CPU
		{ea07cc08-0457-27e0-f1f4-2dd99c7d1eee}.Debug|Any CPU.Build.0 = Debug|Any CPU
		{153f9f76-0d18-0a0a-37b1-6dbf6f22eb2f}.Debug|Any CPU.ActiveCfg = Debug|Any CPU
		{153f9f76-0d18-0a0a-37b1-6dbf6f22eb2f}.Debug|Any CPU.Build.0 = Debug|Any CPU
		{2a63d1cf-0ae9-459c-59f4-df794853f101}.Debug|Any CPU.ActiveCfg = Debug|Any CPU
		{2a63d1cf-0ae9-459c-59f4-df794853f101}.Debug|Any CPU.Build.0 = Debug|Any CPU
		{a29aaf8e-5a42-8b68-8ec8-7b89539d2e99}.Debug|Any CPU.ActiveCfg = Debug|Any CPU
		{a29aaf8e-5a42-8b68-8ec8-7b89539d2e99}.Debug|Any CPU.Build.0 = Debug|Any CPU
		{40cb24cc-3659-ae42-e257-49a18b46e50c}.Debug|Any CPU.ActiveCfg = Debug|Any CPU
		{40cb24cc-3659-ae42-e257-49a18b46e50c}.Debug|Any CPU.Build.0 = Debug|Any CPU
		{cae1d428-3c5c-e949-33a1-a38141063fe1}.Debug|Any CPU.ActiveCfg = Debug|Any CPU
		{cae1d428-3c5c-e949-33a1-a38141063fe1}.Debug|Any CPU.Build.0 = Debug|Any CPU
		{a7b86e2f-cb55-3f48-530d-8784bff58f00}.Debug|Any CPU.ActiveCfg = Debug|Any CPU
		{a7b86e2f-cb55-3f48-530d-8784bff58f00}.Debug|Any CPU.Build.0 = Debug|Any CPU
		{a860ac0b-eb8a-b4dd-9eb8-c00d294507c8}.Debug|Any CPU.ActiveCfg = Debug|Any CPU
		{a860ac0b-eb8a-b4dd-9eb8-c00d294507c8}.Debug|Any CPU.Build.0 = Debug|Any CPU
		{97d2a158-8355-9058-6b00-8ad02355d84d}.Debug|Any CPU.ActiveCfg = Debug|Any CPU
		{97d2a158-8355-9058-6b00-8ad02355d84d}.Debug|Any CPU.Build.0 = Debug|Any CPU
		{33d49784-08d4-25d8-319c-b25f44124659}.Debug|Any CPU.ActiveCfg = Debug|Any CPU
		{33d49784-08d4-25d8-319c-b25f44124659}.Debug|Any CPU.Build.0 = Debug|Any CPU
		{d4956b6e-f6e0-bf10-badf-94d2528c9484}.Debug|Any CPU.ActiveCfg = Debug|Any CPU
		{d4956b6e-f6e0-bf10-badf-94d2528c9484}.Debug|Any CPU.Build.0 = Debug|Any CPU
		{ef1a947b-fa60-4f78-d74d-35208376d31e}.Debug|Any CPU.ActiveCfg = Debug|Any CPU
		{ef1a947b-fa60-4f78-d74d-35208376d31e}.Debug|Any CPU.Build.0 = Debug|Any CPU
		{39b37af4-3c3b-c020-cb14-318a4a404452}.Debug|Any CPU.ActiveCfg = Debug|Any CPU
		{39b37af4-3c3b-c020-cb14-318a4a404452}.Debug|Any CPU.Build.0 = Debug|Any CPU
		{aa0deed7-8b3f-6678-8dec-e25ab6f3858b}.Debug|Any CPU.ActiveCfg = Debug|Any CPU
		{aa0deed7-8b3f-6678-8dec-e25ab6f3858b}.Debug|Any CPU.Build.0 = Debug|Any CPU
		{13470c0f-d0c9-2797-7469-c1d4b35d35a9}.Debug|Any CPU.ActiveCfg = Debug|Any CPU
		{13470c0f-d0c9-2797-7469-c1d4b35d35a9}.Debug|Any CPU.Build.0 = Debug|Any CPU
		{c202dc71-7689-46ce-86f0-3ee66af40e30}.Debug|Any CPU.ActiveCfg = Debug|Any CPU
		{c202dc71-7689-46ce-86f0-3ee66af40e30}.Debug|Any CPU.Build.0 = Debug|Any CPU
		{a38f13ee-9336-bd41-3361-48c5d77de254}.Debug|Any CPU.ActiveCfg = Debug|Any CPU
		{a38f13ee-9336-bd41-3361-48c5d77de254}.Debug|Any CPU.Build.0 = Debug|Any CPU
		{f674cf78-4db9-ed72-6989-be1fc929ccbd}.Debug|Any CPU.ActiveCfg = Debug|Any CPU
		{f674cf78-4db9-ed72-6989-be1fc929ccbd}.Debug|Any CPU.Build.0 = Debug|Any CPU
		{2d949846-6bc4-02b9-3628-8adc1633b563}.Debug|Any CPU.ActiveCfg = Debug|Any CPU
		{2d949846-6bc4-02b9-3628-8adc1633b563}.Debug|Any CPU.Build.0 = Debug|Any CPU
		{07e6f87b-7abf-b9a0-3bbb-95f5f83da542}.Debug|Any CPU.ActiveCfg = Debug|Any CPU
		{07e6f87b-7abf-b9a0-3bbb-95f5f83da542}.Debug|Any CPU.Build.0 = Debug|Any CPU
		{2bcefb22-8d92-4193-1cb7-634e49ced48a}.Debug|Any CPU.ActiveCfg = Debug|Any CPU
		{2bcefb22-8d92-4193-1cb7-634e49ced48a}.Debug|Any CPU.Build.0 = Debug|Any CPU
		{c4f00d61-bd46-3c4e-ec97-5ab23d756c5e}.Debug|Any CPU.ActiveCfg = Debug|Any CPU
		{c4f00d61-bd46-3c4e-ec97-5ab23d756c5e}.Debug|Any CPU.Build.0 = Debug|Any CPU
		{441634e2-c3aa-3276-440e-537cae853a9b}.Debug|Any CPU.ActiveCfg = Debug|Any CPU
		{441634e2-c3aa-3276-440e-537cae853a9b}.Debug|Any CPU.Build.0 = Debug|Any CPU
		{805ea1c0-27d5-be96-5d5e-b0c8eb7bed95}.Debug|Any CPU.ActiveCfg = Debug|Any CPU
		{805ea1c0-27d5-be96-5d5e-b0c8eb7bed95}.Debug|Any CPU.Build.0 = Debug|Any CPU
		{7c12910d-1202-262d-1451-36af799e1bee}.Debug|Any CPU.ActiveCfg = Debug|Any CPU
		{7c12910d-1202-262d-1451-36af799e1bee}.Debug|Any CPU.Build.0 = Debug|Any CPU
		{89755e15-3e5e-31ab-1a1e-babd674abdf1}.Debug|Any CPU.ActiveCfg = Debug|Any CPU
		{89755e15-3e5e-31ab-1a1e-babd674abdf1}.Debug|Any CPU.Build.0 = Debug|Any CPU
		{c7a25532-e04e-bc27-56a5-c46b4a9ac401}.Debug|Any CPU.ActiveCfg = Debug|Any CPU
		{c7a25532-e04e-bc27-56a5-c46b4a9ac401}.Debug|Any CPU.Build.0 = Debug|Any CPU
		{833df780-35ec-0109-3d3c-7b7eba684ffe}.Debug|Any CPU.ActiveCfg = Debug|Any CPU
		{833df780-35ec-0109-3d3c-7b7eba684ffe}.Debug|Any CPU.Build.0 = Debug|Any CPU
		{aa8ca5c1-381b-0130-f166-a7bfb491e8d6}.Debug|Any CPU.ActiveCfg = Debug|Any CPU
		{aa8ca5c1-381b-0130-f166-a7bfb491e8d6}.Debug|Any CPU.Build.0 = Debug|Any CPU
		{ef6e1eba-5aae-35bd-86b8-9b8a6f304499}.Debug|Any CPU.ActiveCfg = Debug|Any CPU
		{ef6e1eba-5aae-35bd-86b8-9b8a6f304499}.Debug|Any CPU.Build.0 = Debug|Any CPU
		{e36eaa7d-f1a4-e4f3-d8eb-0157b645199d}.Debug|Any CPU.ActiveCfg = Debug|Any CPU
		{e36eaa7d-f1a4-e4f3-d8eb-0157b645199d}.Debug|Any CPU.Build.0 = Debug|Any CPU
		{c4638e3c-0128-f40d-c778-5b9a7add4002}.Debug|Any CPU.ActiveCfg = Debug|Any CPU
		{c4638e3c-0128-f40d-c778-5b9a7add4002}.Debug|Any CPU.Build.0 = Debug|Any CPU
		{cb3d96b6-1052-c53d-780b-02500d3815c4}.Debug|Any CPU.ActiveCfg = Debug|Any CPU
		{cb3d96b6-1052-c53d-780b-02500d3815c4}.Debug|Any CPU.Build.0 = Debug|Any CPU
		{d5b5289e-cf9d-ec3d-f2f8-e382d6f4e9e1}.Debug|Any CPU.ActiveCfg = Debug|Any CPU
		{d5b5289e-cf9d-ec3d-f2f8-e382d6f4e9e1}.Debug|Any CPU.Build.0 = Debug|Any CPU
		{6adc3dc7-f77b-486c-da87-424ca5becd1e}.Debug|Any CPU.ActiveCfg = Debug|Any CPU
		{6adc3dc7-f77b-486c-da87-424ca5becd1e}.Debug|Any CPU.Build.0 = Debug|Any CPU
		{8769f42c-847f-8fd6-8eb1-cf9a4c6efcfb}.Debug|Any CPU.ActiveCfg = Debug|Any CPU
		{8769f42c-847f-8fd6-8eb1-cf9a4c6efcfb}.Debug|Any CPU.Build.0 = Debug|Any CPU
		{a66fcfc2-359f-1fc0-427f-889afd721be0}.Debug|Any CPU.ActiveCfg = Debug|Any CPU
		{a66fcfc2-359f-1fc0-427f-889afd721be0}.Debug|Any CPU.Build.0 = Debug|Any CPU
		{2123d5bf-076c-4994-73fa-3d3f3faeb52d}.Debug|Any CPU.ActiveCfg = Debug|Any CPU
		{2123d5bf-076c-4994-73fa-3d3f3faeb52d}.Debug|Any CPU.Build.0 = Debug|Any CPU
		{1947d99d-3e9f-e9fa-d099-20155f134058}.Debug|Any CPU.ActiveCfg = Debug|Any CPU
		{1947d99d-3e9f-e9fa-d099-20155f134058}.Debug|Any CPU.Build.0 = Debug|Any CPU
		{03b9cefa-923c-1364-bed8-80d70cdac9d1}.Debug|Any CPU.ActiveCfg = Debug|Any CPU
		{03b9cefa-923c-1364-bed8-80d70cdac9d1}.Debug|Any CPU.Build.0 = Debug|Any CPU
		{3a096b3e-f7c4-1c2c-202d-03a1a8b27dd8}.Debug|Any CPU.ActiveCfg = Debug|Any CPU
		{3a096b3e-f7c4-1c2c-202d-03a1a8b27dd8}.Debug|Any CPU.Build.0 = Debug|Any CPU
		{bc1f980f-0050-c507-adc7-df32452e89e8}.Debug|Any CPU.ActiveCfg = Debug|Any CPU
		{bc1f980f-0050-c507-adc7-df32452e89e8}.Debug|Any CPU.Build.0 = Debug|Any CPU
		{7ae5f067-d4cc-d27f-4a75-b7466d86e8c1}.Debug|Any CPU.ActiveCfg = Debug|Any CPU
		{7ae5f067-d4cc-d27f-4a75-b7466d86e8c1}.Debug|Any CPU.Build.0 = Debug|Any CPU
		{35990c2f-d25f-c9c3-a320-2e9e42d6d304}.Debug|Any CPU.ActiveCfg = Debug|Any CPU
		{35990c2f-d25f-c9c3-a320-2e9e42d6d304}.Debug|Any CPU.Build.0 = Debug|Any CPU
		{688f728d-739d-7061-c2ad-33da3f833947}.Debug|Any CPU.ActiveCfg = Debug|Any CPU
		{688f728d-739d-7061-c2ad-33da3f833947}.Debug|Any CPU.Build.0 = Debug|Any CPU
		{f2e6c9d9-8140-d725-45d7-d8033d8814ef}.Debug|Any CPU.ActiveCfg = Debug|Any CPU
		{f2e6c9d9-8140-d725-45d7-d8033d8814ef}.Debug|Any CPU.Build.0 = Debug|Any CPU
		{23b9f47c-03fe-40d2-841f-6c33a9a6b1aa}.Debug|Any CPU.ActiveCfg = Debug|Any CPU
		{23b9f47c-03fe-40d2-841f-6c33a9a6b1aa}.Debug|Any CPU.Build.0 = Debug|Any CPU
		{988ac683-c3da-b806-d8ee-99199ea1e0b9}.Debug|Any CPU.ActiveCfg = Debug|Any CPU
		{988ac683-c3da-b806-d8ee-99199ea1e0b9}.Debug|Any CPU.Build.0 = Debug|Any CPU
		{82016cec-2e0c-9550-55bf-bbb6e7a8a598}.Debug|Any CPU.ActiveCfg = Debug|Any CPU
		{82016cec-2e0c-9550-55bf-bbb6e7a8a598}.Debug|Any CPU.Build.0 = Debug|Any CPU
		{5fa95fc7-32d2-0247-ed66-374fa02bf6a2}.Debug|Any CPU.ActiveCfg = Debug|Any CPU
		{5fa95fc7-32d2-0247-ed66-374fa02bf6a2}.Debug|Any CPU.Build.0 = Debug|Any CPU
		{7dbf8b63-4e7a-7fe3-c2a2-7b9b73385f32}.Debug|Any CPU.ActiveCfg = Debug|Any CPU
		{7dbf8b63-4e7a-7fe3-c2a2-7b9b73385f32}.Debug|Any CPU.Build.0 = Debug|Any CPU
		{19ea40e3-e2e5-55d9-ab59-9be7872d3b1b}.Debug|Any CPU.ActiveCfg = Debug|Any CPU
		{19ea40e3-e2e5-55d9-ab59-9be7872d3b1b}.Debug|Any CPU.Build.0 = Debug|Any CPU
		{9bd5aa7a-c737-00a4-2992-39c4765a35cf}.Debug|Any CPU.ActiveCfg = Debug|Any CPU
		{9bd5aa7a-c737-00a4-2992-39c4765a35cf}.Debug|Any CPU.Build.0 = Debug|Any CPU
		{3a5271df-9491-77b6-bf5a-972a947d559b}.Debug|Any CPU.ActiveCfg = Debug|Any CPU
		{3a5271df-9491-77b6-bf5a-972a947d559b}.Debug|Any CPU.Build.0 = Debug|Any CPU
		{eb7e6958-08dc-f7ec-91db-6782a8760824}.Debug|Any CPU.ActiveCfg = Debug|Any CPU
		{eb7e6958-08dc-f7ec-91db-6782a8760824}.Debug|Any CPU.Build.0 = Debug|Any CPU
		{6ffa2209-4d78-e35e-e483-92bd8381da4a}.Debug|Any CPU.ActiveCfg = Debug|Any CPU
		{6ffa2209-4d78-e35e-e483-92bd8381da4a}.Debug|Any CPU.Build.0 = Debug|Any CPU
		{206a13e7-08c7-8b4a-64f0-3e5c68d9264b}.Debug|Any CPU.ActiveCfg = Debug|Any CPU
		{206a13e7-08c7-8b4a-64f0-3e5c68d9264b}.Debug|Any CPU.Build.0 = Debug|Any CPU
		{028edff6-d283-bd55-5d30-3840e5580231}.Debug|Any CPU.ActiveCfg = Debug|Any CPU
		{028edff6-d283-bd55-5d30-3840e5580231}.Debug|Any CPU.Build.0 = Debug|Any CPU
		{7566f59b-9526-4ecf-b3d7-55218165a24a}.Debug|Any CPU.ActiveCfg = Debug|Any CPU
		{7566f59b-9526-4ecf-b3d7-55218165a24a}.Debug|Any CPU.Build.0 = Debug|Any CPU
		{a46b3a54-992e-0ef8-92d7-986191db120b}.Debug|Any CPU.ActiveCfg = Debug|Any CPU
		{a46b3a54-992e-0ef8-92d7-986191db120b}.Debug|Any CPU.Build.0 = Debug|Any CPU
		{e1d0b56a-46b4-f85f-85e1-76b2e8ee34d3}.Debug|Any CPU.ActiveCfg = Debug|Any CPU
		{e1d0b56a-46b4-f85f-85e1-76b2e8ee34d3}.Debug|Any CPU.Build.0 = Debug|Any CPU
		{1cce91b9-ed08-3a60-1d3e-9fb8ac869c61}.Debug|Any CPU.ActiveCfg = Debug|Any CPU
		{1cce91b9-ed08-3a60-1d3e-9fb8ac869c61}.Debug|Any CPU.Build.0 = Debug|Any CPU
		{12fe610b-452d-0398-2021-dafec7ccab63}.Debug|Any CPU.ActiveCfg = Debug|Any CPU
		{12fe610b-452d-0398-2021-dafec7ccab63}.Debug|Any CPU.Build.0 = Debug|Any CPU
		{d71714dc-da5d-beef-0334-1eb89e5f7c4a}.Debug|Any CPU.ActiveCfg = Debug|Any CPU
		{d71714dc-da5d-beef-0334-1eb89e5f7c4a}.Debug|Any CPU.Build.0 = Debug|Any CPU
		{2594f231-927e-1bd0-1c80-d5197c236648}.Debug|Any CPU.ActiveCfg = Debug|Any CPU
		{2594f231-927e-1bd0-1c80-d5197c236648}.Debug|Any CPU.Build.0 = Debug|Any CPU
		{abe7c079-531d-117d-eb60-d6d7b41b3b37}.Debug|Any CPU.ActiveCfg = Debug|Any CPU
		{abe7c079-531d-117d-eb60-d6d7b41b3b37}.Debug|Any CPU.Build.0 = Debug|Any CPU
		{b3d9aa32-d6bb-aca0-9b70-edc6ad5b8528}.Debug|Any CPU.ActiveCfg = Debug|Any CPU
		{b3d9aa32-d6bb-aca0-9b70-edc6ad5b8528}.Debug|Any CPU.Build.0 = Debug|Any CPU
		{ee5f8aec-1b32-1986-8380-d3025156af29}.Debug|Any CPU.ActiveCfg = Debug|Any CPU
		{ee5f8aec-1b32-1986-8380-d3025156af29}.Debug|Any CPU.Build.0 = Debug|Any CPU
		{f463af5a-5141-543a-aeff-6a4bb0c49147}.Debug|Any CPU.ActiveCfg = Debug|Any CPU
		{f463af5a-5141-543a-aeff-6a4bb0c49147}.Debug|Any CPU.Build.0 = Debug|Any CPU
		{839b29c6-eaf1-ee43-f53b-812a1d710ac7}.Debug|Any CPU.ActiveCfg = Debug|Any CPU
		{839b29c6-eaf1-ee43-f53b-812a1d710ac7}.Debug|Any CPU.Build.0 = Debug|Any CPU
		{7f419b72-4df3-c2ac-e1d5-2eb94c0d2025}.Debug|Any CPU.ActiveCfg = Debug|Any CPU
		{7f419b72-4df3-c2ac-e1d5-2eb94c0d2025}.Debug|Any CPU.Build.0 = Debug|Any CPU
		{b5b40851-4dde-a01a-fc28-653c12855386}.Debug|Any CPU.ActiveCfg = Debug|Any CPU
		{b5b40851-4dde-a01a-fc28-653c12855386}.Debug|Any CPU.Build.0 = Debug|Any CPU
		{e215624a-9acc-b0f9-20f4-7067e4b80c99}.Debug|Any CPU.ActiveCfg = Debug|Any CPU
		{e215624a-9acc-b0f9-20f4-7067e4b80c99}.Debug|Any CPU.Build.0 = Debug|Any CPU
		{e98e688f-88df-75c2-96b4-89eb49c6b1a4}.Debug|Any CPU.ActiveCfg = Debug|Any CPU
		{e98e688f-88df-75c2-96b4-89eb49c6b1a4}.Debug|Any CPU.Build.0 = Debug|Any CPU
		{58a6e5b7-f0f5-dfe4-d1a1-f346635ad5cf}.Debug|Any CPU.ActiveCfg = Debug|Any CPU
		{58a6e5b7-f0f5-dfe4-d1a1-f346635ad5cf}.Debug|Any CPU.Build.0 = Debug|Any CPU
		{647e2c3d-87d8-9bb9-099b-16747caee8ce}.Debug|Any CPU.ActiveCfg = Debug|Any CPU
		{647e2c3d-87d8-9bb9-099b-16747caee8ce}.Debug|Any CPU.Build.0 = Debug|Any CPU
		{d2c9327f-2be9-7dfa-3147-50ca415f038c}.Debug|Any CPU.ActiveCfg = Debug|Any CPU
		{d2c9327f-2be9-7dfa-3147-50ca415f038c}.Debug|Any CPU.Build.0 = Debug|Any CPU
	EndGlobalSection
	GlobalSection(SolutionProperties) = preSolution
		HideSolutionNode = FALSE
	EndGlobalSection
EndGlobal
